
Microsoft Visual Studio Solution File, Format Version 12.00
# Visual Studio Version 17
VisualStudioVersion = 17.0.31611.283
MinimumVisualStudioVersion = 10.0.40219.1
Project("{FAE04EC0-301F-11D3-BF4B-00C04F79EFBC}") = "OCRDetectionMAUI", "OCRDetectionMAUI.csproj", "{17CD648F-3E7B-4B1F-A7C6-69E14E04EC8B}"
EndProject
Project("{FAE04EC0-301F-11D3-BF4B-00C04F79EFBC}") = "Plugin.Maui.OCR", "..\Lib\Plugin.Maui.OCR\Plugin.Maui.OCR.csproj", "{8B6C1054-46B9-4DA8-9C0E-A005A7574687}"
EndProject
Global
	GlobalSection(SolutionConfigurationPlatforms) = preSolution
		Debug|Any CPU = Debug|Any CPU
		Release|Any CPU = Release|Any CPU
	EndGlobalSection
	GlobalSection(ProjectConfigurationPlatforms) = postSolution
		{17CD648F-3E7B-4B1F-A7C6-69E14E04EC8B}.Debug|Any CPU.ActiveCfg = Debug|Any CPU
		{17CD648F-3E7B-4B1F-A7C6-69E14E04EC8B}.Debug|Any CPU.Build.0 = Debug|Any CPU
		{17CD648F-3E7B-4B1F-A7C6-69E14E04EC8B}.Debug|Any CPU.Deploy.0 = Debug|Any CPU
		{17CD648F-3E7B-4B1F-A7C6-69E14E04EC8B}.Release|Any CPU.ActiveCfg = Release|Any CPU
		{17CD648F-3E7B-4B1F-A7C6-69E14E04EC8B}.Release|Any CPU.Build.0 = Release|Any CPU
		{17CD648F-3E7B-4B1F-A7C6-69E14E04EC8B}.Release|Any CPU.Deploy.0 = Release|Any CPU
		{8B6C1054-46B9-4DA8-9C0E-A005A7574687}.Debug|Any CPU.ActiveCfg = Debug|Any CPU
		{8B6C1054-46B9-4DA8-9C0E-A005A7574687}.Debug|Any CPU.Build.0 = Debug|Any CPU
		{8B6C1054-46B9-4DA8-9C0E-A005A7574687}.Release|Any CPU.ActiveCfg = Release|Any CPU
		{8B6C1054-46B9-4DA8-9C0E-A005A7574687}.Release|Any CPU.Build.0 = Release|Any CPU
	EndGlobalSection
	GlobalSection(SolutionProperties) = preSolution
		HideSolutionNode = FALSE
	EndGlobalSection
	GlobalSection(ExtensibilityGlobals) = postSolution
		SolutionGuid = {61F7FB11-1E47-470C-91E2-47F8143E1572}
	EndGlobalSection
	GlobalSection(NestedProjects) = preSolution
	EndGlobalSection
EndGlobal
